
Microsoft Visual Studio Solution File, Format Version 12.00
# Visual Studio 15
VisualStudioVersion = 15.0.27703.2035
MinimumVisualStudioVersion = 10.0.40219.1
Project("{FAE04EC0-301F-11D3-BF4B-00C04F79EFBC}") = "algoPracticeStrings", "algoPracticeStrings\algoPracticeStrings.csproj", "{81659162-61BE-4E68-B9D4-D352AEF4FE89}"
EndProject
Global
	GlobalSection(SolutionConfigurationPlatforms) = preSolution
		Debug|Any CPU = Debug|Any CPU
		Release|Any CPU = Release|Any CPU
	EndGlobalSection
	GlobalSection(ProjectConfigurationPlatforms) = postSolution
		{81659162-61BE-4E68-B9D4-D352AEF4FE89}.Debug|Any CPU.ActiveCfg = Debug|Any CPU
		{81659162-61BE-4E68-B9D4-D352AEF4FE89}.Debug|Any CPU.Build.0 = Debug|Any CPU
		{81659162-61BE-4E68-B9D4-D352AEF4FE89}.Release|Any CPU.ActiveCfg = Release|Any CPU
		{81659162-61BE-4E68-B9D4-D352AEF4FE89}.Release|Any CPU.Build.0 = Release|Any CPU
	EndGlobalSection
	GlobalSection(SolutionProperties) = preSolution
		HideSolutionNode = FALSE
	EndGlobalSection
	GlobalSection(ExtensibilityGlobals) = postSolution
		SolutionGuid = {A3035D97-EE2F-457E-9736-607FEF4B95FE}
	EndGlobalSection
EndGlobal
